
Microsoft Visual Studio Solution File, Format Version 12.00
# Visual Studio Version 17
VisualStudioVersion = 17.14.36811.4 d17.14
MinimumVisualStudioVersion = 10.0.40219.1
Project("{FAE04EC0-301F-11D3-BF4B-00C04F79EFBC}") = "Snake", "Snake\Snake.csproj", "{B3E7B4E2-2988-460C-B4B6-FA4FB3581601}"
EndProject
Global
	GlobalSection(SolutionConfigurationPlatforms) = preSolution
		Debug|Any CPU = Debug|Any CPU
		Release|Any CPU = Release|Any CPU
	EndGlobalSection
	GlobalSection(ProjectConfigurationPlatforms) = postSolution
		{B3E7B4E2-2988-460C-B4B6-FA4FB3581601}.Debug|Any CPU.ActiveCfg = Debug|Any CPU
		{B3E7B4E2-2988-460C-B4B6-FA4FB3581601}.Debug|Any CPU.Build.0 = Debug|Any CPU
		{B3E7B4E2-2988-460C-B4B6-FA4FB3581601}.Release|Any CPU.ActiveCfg = Release|Any CPU
		{B3E7B4E2-2988-460C-B4B6-FA4FB3581601}.Release|Any CPU.Build.0 = Release|Any CPU
	EndGlobalSection
	GlobalSection(SolutionProperties) = preSolution
		HideSolutionNode = FALSE
	EndGlobalSection
	GlobalSection(ExtensibilityGlobals) = postSolution
		SolutionGuid = {19810FCD-38A9-4B8A-80C1-100C4C649FBA}
	EndGlobalSection
EndGlobal
